Microsoft Visual Studio Solution File, Format Version 11.00
# Visual Studio 2008

Project("{F499529C-1060-2B62-C289-38C22B31DBFD}") = "TowerGame", "Assembly-CSharp.csproj", "{E8250554-7DC1-3EA6-F1EC-6A6200BFA394}"
EndProject
Project("{F499529C-1060-2B62-C289-38C22B31DBFD}") = "TowerGame", "Assembly-UnityScript-firstpass.unityproj", "{038430E0-4852-A0C9-CD61-46F6A78DF3E4}"
EndProject
Project("{F499529C-1060-2B62-C289-38C22B31DBFD}") = "TowerGame", "Assembly-UnityScript.unityproj", "{2B202E10-D09B-7892-90BF-89F037138C7B}"
EndProject
Global
	GlobalSection(SolutionConfigurationPlatforms) = preSolution
		Debug|Any CPU = Debug|Any CPU
		Release|Any CPU = Release|Any CPU
	EndGlobalSection
	GlobalSection(ProjectConfigurationPlatforms) = postSolution
		{E8250554-7DC1-3EA6-F1EC-6A6200BFA394}.Debug|Any CPU.ActiveCfg = Debug|Any CPU
		{E8250554-7DC1-3EA6-F1EC-6A6200BFA394}.Debug|Any CPU.Build.0 = Debug|Any CPU
		{E8250554-7DC1-3EA6-F1EC-6A6200BFA394}.Release|Any CPU.ActiveCfg = Release|Any CPU
		{E8250554-7DC1-3EA6-F1EC-6A6200BFA394}.Release|Any CPU.Build.0 = Release|Any CPU
		{038430E0-4852-A0C9-CD61-46F6A78DF3E4}.Debug|Any CPU.ActiveCfg = Debug|Any CPU
		{038430E0-4852-A0C9-CD61-46F6A78DF3E4}.Debug|Any CPU.Build.0 = Debug|Any CPU
		{038430E0-4852-A0C9-CD61-46F6A78DF3E4}.Release|Any CPU.ActiveCfg = Release|Any CPU
		{038430E0-4852-A0C9-CD61-46F6A78DF3E4}.Release|Any CPU.Build.0 = Release|Any CPU
		{2B202E10-D09B-7892-90BF-89F037138C7B}.Debug|Any CPU.ActiveCfg = Debug|Any CPU
		{2B202E10-D09B-7892-90BF-89F037138C7B}.Debug|Any CPU.Build.0 = Debug|Any CPU
		{2B202E10-D09B-7892-90BF-89F037138C7B}.Release|Any CPU.ActiveCfg = Release|Any CPU
		{2B202E10-D09B-7892-90BF-89F037138C7B}.Release|Any CPU.Build.0 = Release|Any CPU
	EndGlobalSection
	GlobalSection(SolutionProperties) = preSolution
		HideSolutionNode = FALSE
	EndGlobalSection
																																									GlobalSection(MonoDevelopProperties) = preSolution
		StartupItem = Assembly-CSharp.csproj
		Policies = $0
		$0.TextStylePolicy = $1
		$1.inheritsSet = null
		$1.scope = text/x-csharp
		$0.CSharpFormattingPolicy = $2
		$2.inheritsSet = Mono
		$2.inheritsScope = text/x-csharp
		$2.scope = text/x-csharp
		$0.TextStylePolicy = $3
		$3.FileWidth = 120
		$3.TabWidth = 4
		$3.EolMarker = Unix
		$3.inheritsSet = Mono
		$3.inheritsScope = text/plain
		$3.scope = text/plain
	EndGlobalSection

EndGlobal
